
Microsoft Visual Studio Solution File, Format Version 12.00
# Visual Studio Version 16
VisualStudioVersion = 16.0.32630.194
MinimumVisualStudioVersion = 10.0.40219.1
Project("{FAE04EC0-301F-11D3-BF4B-00C04F79EFBC}") = "CafeApp", "CafeApp\CafeApp.csproj", "{5DFEAE62-EEC7-4328-A535-59A948F3F93F}"
EndProject
Project("{FAE04EC0-301F-11D3-BF4B-00C04F79EFBC}") = "CafeAppTests", "CafeAppTests\CafeAppTests.csproj", "{1B33CAD5-E1AA-43D1-B138-3ED28D499AF3}"
EndProject
Global
	GlobalSection(SolutionConfigurationPlatforms) = preSolution
		Debug|Any CPU = Debug|Any CPU
		Release|Any CPU = Release|Any CPU
	EndGlobalSection
	GlobalSection(ProjectConfigurationPlatforms) = postSolution
		{5DFEAE62-EEC7-4328-A535-59A948F3F93F}.Debug|Any CPU.ActiveCfg = Debug|Any CPU
		{5DFEAE62-EEC7-4328-A535-59A948F3F93F}.Debug|Any CPU.Build.0 = Debug|Any CPU
		{5DFEAE62-EEC7-4328-A535-59A948F3F93F}.Release|Any CPU.ActiveCfg = Release|Any CPU
		{5DFEAE62-EEC7-4328-A535-59A948F3F93F}.Release|Any CPU.Build.0 = Release|Any CPU
		{1B33CAD5-E1AA-43D1-B138-3ED28D499AF3}.Debug|Any CPU.ActiveCfg = Debug|Any CPU
		{1B33CAD5-E1AA-43D1-B138-3ED28D499AF3}.Debug|Any CPU.Build.0 = Debug|Any CPU
		{1B33CAD5-E1AA-43D1-B138-3ED28D499AF3}.Release|Any CPU.ActiveCfg = Release|Any CPU
		{1B33CAD5-E1AA-43D1-B138-3ED28D499AF3}.Release|Any CPU.Build.0 = Release|Any CPU
	EndGlobalSection
	GlobalSection(SolutionProperties) = preSolution
		HideSolutionNode = FALSE
	EndGlobalSection
	GlobalSection(ExtensibilityGlobals) = postSolution
		SolutionGuid = {4239881B-0F7F-4178-9A97-9E626F2B3F47}
	EndGlobalSection
EndGlobal
